// !$*UTF8*$!
{
	archiveVersion = 1;
	classes = {
	};
	objectVersion = 51;
	objects = {

/* Begin PBXBuildFile section */
		C0AD4F1F095D366CDAEB719F /* Pods_MovieApp_MovieAppUITests.framework in Frameworks */ = {isa = PBXBuildFile; fileRef = EA3F528E5A6734EFBE1EA071 /* Pods_MovieApp_MovieAppUITests.framework */; };
		F299A856CDFF801F0B63E43A /* Pods_MovieApp.framework in Frameworks */ = {isa = PBXBuildFile; fileRef = EB807D9F5141C9D443866913 /* Pods_MovieApp.framework */; };
		FA05C90B23C4A317004F74BF /* AppDelegate.swift in Sources */ = {isa = PBXBuildFile; fileRef = FA05C90A23C4A317004F74BF /* AppDelegate.swift */; };
		FA05C90D23C4A317004F74BF /* SceneDelegate.swift in Sources */ = {isa = PBXBuildFile; fileRef = FA05C90C23C4A317004F74BF /* SceneDelegate.swift */; };
		FA05C90F23C4A317004F74BF /* ViewController.swift in Sources */ = {isa = PBXBuildFile; fileRef = FA05C90E23C4A317004F74BF /* ViewController.swift */; };
		FA05C91223C4A317004F74BF /* Main.storyboard in Resources */ = {isa = PBXBuildFile; fileRef = FA05C91023C4A317004F74BF /* Main.storyboard */; };
		FA05C91423C4A31F004F74BF /* Assets.xcassets in Resources */ = {isa = PBXBuildFile; fileRef = FA05C91323C4A31F004F74BF /* Assets.xcassets */; };
		FA05C91723C4A31F004F74BF /* LaunchScreen.storyboard in Resources */ = {isa = PBXBuildFile; fileRef = FA05C91523C4A31F004F74BF /* LaunchScreen.storyboard */; };
		FA05C92223C4A31F004F74BF /* MovieAppUITests.swift in Sources */ = {isa = PBXBuildFile; fileRef = FA05C92123C4A31F004F74BF /* MovieAppUITests.swift */; };
		FA05C93D23C5FE6F004F74BF /* LoginViewController.swift in Sources */ = {isa = PBXBuildFile; fileRef = FA05C93C23C5FE6F004F74BF /* LoginViewController.swift */; };
		FA05C93F23C60358004F74BF /* AnimateField.swift in Sources */ = {isa = PBXBuildFile; fileRef = FA05C93E23C60358004F74BF /* AnimateField.swift */; };
		FA05C94223C60C3A004F74BF /* HexColors.swift in Sources */ = {isa = PBXBuildFile; fileRef = FA05C94123C60C3A004F74BF /* HexColors.swift */; };
		FA05C94423C75D4B004F74BF /* LandingViewController.swift in Sources */ = {isa = PBXBuildFile; fileRef = FA05C94323C75D4B004F74BF /* LandingViewController.swift */; };
/* End PBXBuildFile section */

/* Begin PBXContainerItemProxy section */
		FA05C91E23C4A31F004F74BF /* PBXContainerItemProxy */ = {
			isa = PBXContainerItemProxy;
			containerPortal = FA05C8FF23C4A316004F74BF /* Project object */;
			proxyType = 1;
			remoteGlobalIDString = FA05C90623C4A316004F74BF;
			remoteInfo = MovieApp;
		};
/* End PBXContainerItemProxy section */

/* Begin PBXFileReference section */
		2AC5DFEAAE4FB50D45AD7B10 /* Pods-MovieApp-MovieAppUITests.debug.xcconfig */ = {isa = PBXFileReference; includeInIndex = 1; lastKnownFileType = text.xcconfig; name = "Pods-MovieApp-MovieAppUITests.debug.xcconfig"; path = "Target Support Files/Pods-MovieApp-MovieAppUITests/Pods-MovieApp-MovieAppUITests.debug.xcconfig"; sourceTree = "<group>"; };
		4390D1A2D3B9430147402461 /* Pods-MovieApp.release.xcconfig */ = {isa = PBXFileReference; includeInIndex = 1; lastKnownFileType = text.xcconfig; name = "Pods-MovieApp.release.xcconfig"; path = "Target Support Files/Pods-MovieApp/Pods-MovieApp.release.xcconfig"; sourceTree = "<group>"; };
		AA09201EBAFC8BDC513B645A /* Pods-MovieApp.debug.xcconfig */ = {isa = PBXFileReference; includeInIndex = 1; lastKnownFileType = text.xcconfig; name = "Pods-MovieApp.debug.xcconfig"; path = "Target Support Files/Pods-MovieApp/Pods-MovieApp.debug.xcconfig"; sourceTree = "<group>"; };
		B947930857D59F3B7AA69DCA /* Pods-MovieApp-MovieAppUITests.release.xcconfig */ = {isa = PBXFileReference; includeInIndex = 1; lastKnownFileType = text.xcconfig; name = "Pods-MovieApp-MovieAppUITests.release.xcconfig"; path = "Target Support Files/Pods-MovieApp-MovieAppUITests/Pods-MovieApp-MovieAppUITests.release.xcconfig"; sourceTree = "<group>"; };
		EA3F528E5A6734EFBE1EA071 /* Pods_MovieApp_MovieAppUITests.framework */ = {isa = PBXFileReference; explicitFileType = wrapper.framework; includeInIndex = 0; path = Pods_MovieApp_MovieAppUITests.framework; sourceTree = BUILT_PRODUCTS_DIR; };
		EB807D9F5141C9D443866913 /* Pods_MovieApp.framework */ = {isa = PBXFileReference; explicitFileType = wrapper.framework; includeInIndex = 0; path = Pods_MovieApp.framework; sourceTree = BUILT_PRODUCTS_DIR; };
		FA05C90723C4A317004F74BF /* MovieApp.app */ = {isa = PBXFileReference; explicitFileType = wrapper.application; includeInIndex = 0; path = MovieApp.app; sourceTree = BUILT_PRODUCTS_DIR; };
		FA05C90A23C4A317004F74BF /* AppDelegate.swift */ = {isa = PBXFileReference; lastKnownFileType = sourcecode.swift; path = AppDelegate.swift; sourceTree = "<group>"; };
		FA05C90C23C4A317004F74BF /* SceneDelegate.swift */ = {isa = PBXFileReference; lastKnownFileType = sourcecode.swift; path = SceneDelegate.swift; sourceTree = "<group>"; };
		FA05C90E23C4A317004F74BF /* ViewController.swift */ = {isa = PBXFileReference; lastKnownFileType = sourcecode.swift; path = ViewController.swift; sourceTree = "<group>"; };
		FA05C91123C4A317004F74BF /* Base */ = {isa = PBXFileReference; lastKnownFileType = file.storyboard; name = Base; path = Base.lproj/Main.storyboard; sourceTree = "<group>"; };
		FA05C91323C4A31F004F74BF /* Assets.xcassets */ = {isa = PBXFileReference; lastKnownFileType = folder.assetcatalog; path = Assets.xcassets; sourceTree = "<group>"; };
		FA05C91623C4A31F004F74BF /* Base */ = {isa = PBXFileReference; lastKnownFileType = file.storyboard; name = Base; path = Base.lproj/LaunchScreen.storyboard; sourceTree = "<group>"; };
		FA05C91823C4A31F004F74BF /* Info.plist */ = {isa = PBXFileReference; lastKnownFileType = text.plist.xml; path = Info.plist; sourceTree = "<group>"; };
		FA05C91D23C4A31F004F74BF /* MovieAppUITests.xctest */ = {isa = PBXFileReference; explicitFileType = wrapper.cfbundle; includeInIndex = 0; path = MovieAppUITests.xctest; sourceTree = BUILT_PRODUCTS_DIR; };
		FA05C92123C4A31F004F74BF /* MovieAppUITests.swift */ = {isa = PBXFileReference; lastKnownFileType = sourcecode.swift; path = MovieAppUITests.swift; sourceTree = "<group>"; };
		FA05C92323C4A31F004F74BF /* Info.plist */ = {isa = PBXFileReference; lastKnownFileType = text.plist.xml; path = Info.plist; sourceTree = "<group>"; };
		FA05C93C23C5FE6F004F74BF /* LoginViewController.swift */ = {isa = PBXFileReference; lastKnownFileType = sourcecode.swift; path = LoginViewController.swift; sourceTree = "<group>"; };
		FA05C93E23C60358004F74BF /* AnimateField.swift */ = {isa = PBXFileReference; lastKnownFileType = sourcecode.swift; path = AnimateField.swift; sourceTree = "<group>"; };
		FA05C94123C60C3A004F74BF /* HexColors.swift */ = {isa = PBXFileReference; lastKnownFileType = sourcecode.swift; path = HexColors.swift; sourceTree = "<group>"; };
		FA05C94323C75D4B004F74BF /* LandingViewController.swift */ = {isa = PBXFileReference; lastKnownFileType = sourcecode.swift; path = LandingViewController.swift; sourceTree = "<group>"; };
/* End PBXFileReference section */

/* Begin PBXFrameworksBuildPhase section */
		FA05C90423C4A316004F74BF /* Frameworks */ = {
			isa = PBXFrameworksBuildPhase;
			buildActionMask = 2147483647;
			files = (
				F299A856CDFF801F0B63E43A /* Pods_MovieApp.framework in Frameworks */,
			);
			runOnlyForDeploymentPostprocessing = 0;
		};
		FA05C91A23C4A31F004F74BF /* Frameworks */ = {
			isa = PBXFrameworksBuildPhase;
			buildActionMask = 2147483647;
			files = (
				C0AD4F1F095D366CDAEB719F /* Pods_MovieApp_MovieAppUITests.framework in Frameworks */,
			);
			runOnlyForDeploymentPostprocessing = 0;
		};
/* End PBXFrameworksBuildPhase section */

/* Begin PBXGroup section */
		01B5E93CE09D44122E4F07B5 /* Pods */ = {
			isa = PBXGroup;
			children = (
				AA09201EBAFC8BDC513B645A /* Pods-MovieApp.debug.xcconfig */,
				4390D1A2D3B9430147402461 /* Pods-MovieApp.release.xcconfig */,
				2AC5DFEAAE4FB50D45AD7B10 /* Pods-MovieApp-MovieAppUITests.debug.xcconfig */,
				B947930857D59F3B7AA69DCA /* Pods-MovieApp-MovieAppUITests.release.xcconfig */,
			);
			path = Pods;
			sourceTree = "<group>";
		};
		6CAFD2728632B03B9B38E9B1 /* Frameworks */ = {
			isa = PBXGroup;
			children = (
				EB807D9F5141C9D443866913 /* Pods_MovieApp.framework */,
				EA3F528E5A6734EFBE1EA071 /* Pods_MovieApp_MovieAppUITests.framework */,
			);
			name = Frameworks;
			sourceTree = "<group>";
		};
		FA05C8FE23C4A316004F74BF = {
			isa = PBXGroup;
			children = (
				FA05C90923C4A317004F74BF /* MovieApp */,
				FA05C92023C4A31F004F74BF /* MovieAppUITests */,
				FA05C90823C4A317004F74BF /* Products */,
				01B5E93CE09D44122E4F07B5 /* Pods */,
				6CAFD2728632B03B9B38E9B1 /* Frameworks */,
			);
			sourceTree = "<group>";
		};
		FA05C90823C4A317004F74BF /* Products */ = {
			isa = PBXGroup;
			children = (
				FA05C90723C4A317004F74BF /* MovieApp.app */,
				FA05C91D23C4A31F004F74BF /* MovieAppUITests.xctest */,
			);
			name = Products;
			sourceTree = "<group>";
		};
		FA05C90923C4A317004F74BF /* MovieApp */ = {
			isa = PBXGroup;
			children = (
				FA05C92C23C4A3C6004F74BF /* Source */,
				FA05C91023C4A317004F74BF /* Main.storyboard */,
				FA05C91323C4A31F004F74BF /* Assets.xcassets */,
				FA05C91523C4A31F004F74BF /* LaunchScreen.storyboard */,
				FA05C91823C4A31F004F74BF /* Info.plist */,
			);
			path = MovieApp;
			sourceTree = "<group>";
		};
		FA05C92023C4A31F004F74BF /* MovieAppUITests */ = {
			isa = PBXGroup;
			children = (
				FA05C92123C4A31F004F74BF /* MovieAppUITests.swift */,
				FA05C92323C4A31F004F74BF /* Info.plist */,
			);
			path = MovieAppUITests;
			sourceTree = "<group>";
		};
		FA05C92C23C4A3C6004F74BF /* Source */ = {
			isa = PBXGroup;
			children = (
				FA05C94023C60C25004F74BF /* Utils */,
				FA05C92F23C4A3F0004F74BF /* Controller */,
				FA05C92E23C4A3F0004F74BF /* Model */,
				FA05C92D23C4A3DD004F74BF /* View */,
				FA05C90A23C4A317004F74BF /* AppDelegate.swift */,
				FA05C90C23C4A317004F74BF /* SceneDelegate.swift */,
				FA05C90E23C4A317004F74BF /* ViewController.swift */,
			);
			path = Source;
			sourceTree = "<group>";
		};
		FA05C92D23C4A3DD004F74BF /* View */ = {
			isa = PBXGroup;
			children = (
				FA05C93E23C60358004F74BF /* AnimateField.swift */,
			);
			path = View;
			sourceTree = "<group>";
		};
		FA05C92E23C4A3F0004F74BF /* Model */ = {
			isa = PBXGroup;
			children = (
			);
			path = Model;
			sourceTree = "<group>";
		};
		FA05C92F23C4A3F0004F74BF /* Controller */ = {
			isa = PBXGroup;
			children = (
				FA05C93C23C5FE6F004F74BF /* LoginViewController.swift */,
				FA05C94323C75D4B004F74BF /* LandingViewController.swift */,
			);
			path = Controller;
			sourceTree = "<group>";
		};
		FA05C94023C60C25004F74BF /* Utils */ = {
			isa = PBXGroup;
			children = (
				FA05C94123C60C3A004F74BF /* HexColors.swift */,
			);
			path = Utils;
			sourceTree = "<group>";
		};
/* End PBXGroup section */

/* Begin PBXNativeTarget section */
		FA05C90623C4A316004F74BF /* MovieApp */ = {
			isa = PBXNativeTarget;
			buildConfigurationList = FA05C92623C4A31F004F74BF /* Build configuration list for PBXNativeTarget "MovieApp" */;
			buildPhases = (
				334ACFEF53A19F013DE7EC1F /* [CP] Check Pods Manifest.lock */,
				FA05C90323C4A316004F74BF /* Sources */,
				FA05C90423C4A316004F74BF /* Frameworks */,
				FA05C90523C4A316004F74BF /* Resources */,
				E1C63A926C07632B634671A1 /* [CP] Embed Pods Frameworks */,
			);
			buildRules = (
			);
			dependencies = (
			);
			name = MovieApp;
			productName = MovieApp;
			productReference = FA05C90723C4A317004F74BF /* MovieApp.app */;
			productType = "com.apple.product-type.application";
		};
		FA05C91C23C4A31F004F74BF /* MovieAppUITests */ = {
			isa = PBXNativeTarget;
			buildConfigurationList = FA05C92923C4A31F004F74BF /* Build configuration list for PBXNativeTarget "MovieAppUITests" */;
			buildPhases = (
				49163032D9F8E83FC4BFB922 /* [CP] Check Pods Manifest.lock */,
				FA05C91923C4A31F004F74BF /* Sources */,
				FA05C91A23C4A31F004F74BF /* Frameworks */,
				FA05C91B23C4A31F004F74BF /* Resources */,
				2D024E960E30715CA8A7D3BB /* [CP] Embed Pods Frameworks */,
			);
			buildRules = (
			);
			dependencies = (
				FA05C91F23C4A31F004F74BF /* PBXTargetDependency */,
			);
			name = MovieAppUITests;
			productName = MovieAppUITests;
			productReference = FA05C91D23C4A31F004F74BF /* MovieAppUITests.xctest */;
			productType = "com.apple.product-type.bundle.ui-testing";
		};
/* End PBXNativeTarget section */

/* Begin PBXProject section */
		FA05C8FF23C4A316004F74BF /* Project object */ = {
			isa = PBXProject;
			attributes = {
				LastSwiftUpdateCheck = 1130;
				LastUpgradeCheck = 1130;
				ORGANIZATIONNAME = "汪伦";
				TargetAttributes = {
					FA05C90623C4A316004F74BF = {
						CreatedOnToolsVersion = 11.3;
					};
					FA05C91C23C4A31F004F74BF = {
						CreatedOnToolsVersion = 11.3;
						TestTargetID = FA05C90623C4A316004F74BF;
					};
				};
			};
			buildConfigurationList = FA05C90223C4A316004F74BF /* Build configuration list for PBXProject "MovieApp" */;
			compatibilityVersion = "Xcode 9.3";
			developmentRegion = en;
			hasScannedForEncodings = 0;
			knownRegions = (
				en,
				Base,
			);
			mainGroup = FA05C8FE23C4A316004F74BF;
			productRefGroup = FA05C90823C4A317004F74BF /* Products */;
			projectDirPath = "";
			projectRoot = "";
			targets = (
				FA05C90623C4A316004F74BF /* MovieApp */,
				FA05C91C23C4A31F004F74BF /* MovieAppUITests */,
			);
		};
/* End PBXProject section */

/* Begin PBXResourcesBuildPhase section */
		FA05C90523C4A316004F74BF /* Resources */ = {
			isa = PBXResourcesBuildPhase;
			buildActionMask = 2147483647;
			files = (
				FA05C91723C4A31F004F74BF /* LaunchScreen.storyboard in Resources */,
				FA05C91423C4A31F004F74BF /* Assets.xcassets in Resources */,
				FA05C91223C4A317004F74BF /* Main.storyboard in Resources */,
			);
			runOnlyForDeploymentPostprocessing = 0;
		};
		FA05C91B23C4A31F004F74BF /* Resources */ = {
			isa = PBXResourcesBuildPhase;
			buildActionMask = 2147483647;
			files = (
			);
			runOnlyForDeploymentPostprocessing = 0;
		};
/* End PBXResourcesBuildPhase section */

/* Begin PBXShellScriptBuildPhase section */
		2D024E960E30715CA8A7D3BB /* [CP] Embed Pods Frameworks */ = {
			isa = PBXShellScriptBuildPhase;
			buildActionMask = 2147483647;
			files = (
			);
			inputFileListPaths = (
				"${PODS_ROOT}/Target Support Files/Pods-MovieApp-MovieAppUITests/Pods-MovieApp-MovieAppUITests-frameworks-${CONFIGURATION}-input-files.xcfilelist",
			);
			name = "[CP] Embed Pods Frameworks";
			outputFileListPaths = (
				"${PODS_ROOT}/Target Support Files/Pods-MovieApp-MovieAppUITests/Pods-MovieApp-MovieAppUITests-frameworks-${CONFIGURATION}-output-files.xcfilelist",
			);
			runOnlyForDeploymentPostprocessing = 0;
			shellPath = /bin/sh;
			shellScript = "\"${PODS_ROOT}/Target Support Files/Pods-MovieApp-MovieAppUITests/Pods-MovieApp-MovieAppUITests-frameworks.sh\"\n";
			showEnvVarsInLog = 0;
		};
		334ACFEF53A19F013DE7EC1F /* [CP] Check Pods Manifest.lock */ = {
			isa = PBXShellScriptBuildPhase;
			buildActionMask = 2147483647;
			files = (
			);
			inputFileListPaths = (
			);
			inputPaths = (
				"${PODS_PODFILE_DIR_PATH}/Podfile.lock",
				"${PODS_ROOT}/Manifest.lock",
			);
			name = "[CP] Check Pods Manifest.lock";
			outputFileListPaths = (
			);
			outputPaths = (
				"$(DERIVED_FILE_DIR)/Pods-MovieApp-checkManifestLockResult.txt",
			);
			runOnlyForDeploymentPostprocessing = 0;
			shellPath = /bin/sh;
			shellScript = "diff \"${PODS_PODFILE_DIR_PATH}/Podfile.lock\" \"${PODS_ROOT}/Manifest.lock\" > /dev/null\nif [ $? != 0 ] ; then\n    # print error to STDERR\n    echo \"error: The sandbox is not in sync with the Podfile.lock. Run 'pod install' or update your CocoaPods installation.\" >&2\n    exit 1\nfi\n# This output is used by Xcode 'outputs' to avoid re-running this script phase.\necho \"SUCCESS\" > \"${SCRIPT_OUTPUT_FILE_0}\"\n";
			showEnvVarsInLog = 0;
		};
		49163032D9F8E83FC4BFB922 /* [CP] Check Pods Manifest.lock */ = {
			isa = PBXShellScriptBuildPhase;
			buildActionMask = 2147483647;
			files = (
			);
			inputFileListPaths = (
			);
			inputPaths = (
				"${PODS_PODFILE_DIR_PATH}/Podfile.lock",
				"${PODS_ROOT}/Manifest.lock",
			);
			name = "[CP] Check Pods Manifest.lock";
			outputFileListPaths = (
			);
			outputPaths = (
				"$(DERIVED_FILE_DIR)/Pods-MovieApp-MovieAppUITests-checkManifestLockResult.txt",
			);
			runOnlyForDeploymentPostprocessing = 0;
			shellPath = /bin/sh;
			shellScript = "diff \"${PODS_PODFILE_DIR_PATH}/Podfile.lock\" \"${PODS_ROOT}/Manifest.lock\" > /dev/null\nif [ $? != 0 ] ; then\n    # print error to STDERR\n    echo \"error: The sandbox is not in sync with the Podfile.lock. Run 'pod install' or update your CocoaPods installation.\" >&2\n    exit 1\nfi\n# This output is used by Xcode 'outputs' to avoid re-running this script phase.\necho \"SUCCESS\" > \"${SCRIPT_OUTPUT_FILE_0}\"\n";
			showEnvVarsInLog = 0;
		};
		E1C63A926C07632B634671A1 /* [CP] Embed Pods Frameworks */ = {
			isa = PBXShellScriptBuildPhase;
			buildActionMask = 2147483647;
			files = (
			);
			inputFileListPaths = (
				"${PODS_ROOT}/Target Support Files/Pods-MovieApp/Pods-MovieApp-frameworks-${CONFIGURATION}-input-files.xcfilelist",
			);
			name = "[CP] Embed Pods Frameworks";
			outputFileListPaths = (
				"${PODS_ROOT}/Target Support Files/Pods-MovieApp/Pods-MovieApp-frameworks-${CONFIGURATION}-output-files.xcfilelist",
			);
			runOnlyForDeploymentPostprocessing = 0;
			shellPath = /bin/sh;
			shellScript = "\"${PODS_ROOT}/Target Support Files/Pods-MovieApp/Pods-MovieApp-frameworks.sh\"\n";
			showEnvVarsInLog = 0;
		};
/* End PBXShellScriptBuildPhase section */

/* Begin PBXSourcesBuildPhase section */
		FA05C90323C4A316004F74BF /* Sources */ = {
			isa = PBXSourcesBuildPhase;
			buildActionMask = 2147483647;
			files = (
				FA05C93D23C5FE6F004F74BF /* LoginViewController.swift in Sources */,
				FA05C94423C75D4B004F74BF /* LandingViewController.swift in Sources */,
				FA05C94223C60C3A004F74BF /* HexColors.swift in Sources */,
				FA05C90F23C4A317004F74BF /* ViewController.swift in Sources */,
				FA05C90B23C4A317004F74BF /* AppDelegate.swift in Sources */,
				FA05C93F23C60358004F74BF /* AnimateField.swift in Sources */,
				FA05C90D23C4A317004F74BF /* SceneDelegate.swift in Sources */,
			);
			runOnlyForDeploymentPostprocessing = 0;
		};
		FA05C91923C4A31F004F74BF /* Sources */ = {
			isa = PBXSourcesBuildPhase;
			buildActionMask = 2147483647;
			files = (
				FA05C92223C4A31F004F74BF /* MovieAppUITests.swift in Sources */,
			);
			runOnlyForDeploymentPostprocessing = 0;
		};
/* End PBXSourcesBuildPhase section */

/* Begin PBXTargetDependency section */
		FA05C91F23C4A31F004F74BF /* PBXTargetDependency */ = {
			isa = PBXTargetDependency;
			target = FA05C90623C4A316004F74BF /* MovieApp */;
			targetProxy = FA05C91E23C4A31F004F74BF /* PBXContainerItemProxy */;
		};
/* End PBXTargetDependency section */

/* Begin PBXVariantGroup section */
		FA05C91023C4A317004F74BF /* Main.storyboard */ = {
			isa = PBXVariantGroup;
			children = (
				FA05C91123C4A317004F74BF /* Base */,
			);
			name = Main.storyboard;
			sourceTree = "<group>";
		};
		FA05C91523C4A31F004F74BF /* LaunchScreen.storyboard */ = {
			isa = PBXVariantGroup;
			children = (
				FA05C91623C4A31F004F74BF /* Base */,
			);
			name = LaunchScreen.storyboard;
			sourceTree = "<group>";
		};
/* End PBXVariantGroup section */

/* Begin XCBuildConfiguration section */
		FA05C92423C4A31F004F74BF /* Debug */ = {
			isa = XCBuildConfiguration;
			buildSettings = {
				ALWAYS_SEARCH_USER_PATHS = NO;
				CLANG_ANALYZER_NONNULL = YES;
				CLANG_ANALYZER_NUMBER_OBJECT_CONVERSION = YES_AGGRESSIVE;
				CLANG_CXX_LANGUAGE_STANDARD = "gnu++14";
				CLANG_CXX_LIBRARY = "libc++";
				CLANG_ENABLE_MODULES = YES;
				CLANG_ENABLE_OBJC_ARC = YES;
				CLANG_ENABLE_OBJC_WEAK = YES;
				CLANG_WARN_BLOCK_CAPTURE_AUTORELEASING = YES;
				CLANG_WARN_BOOL_CONVERSION = YES;
				CLANG_WARN_COMMA = YES;
				CLANG_WARN_CONSTANT_CONVERSION = YES;
				CLANG_WARN_DEPRECATED_OBJC_IMPLEMENTATIONS = YES;
				CLANG_WARN_DIRECT_OBJC_ISA_USAGE = YES_ERROR;
				CLANG_WARN_DOCUMENTATION_COMMENTS = YES;
				CLANG_WARN_EMPTY_BODY = YES;
				CLANG_WARN_ENUM_CONVERSION = YES;
				CLANG_WARN_INFINITE_RECURSION = YES;
				CLANG_WARN_INT_CONVERSION = YES;
				CLANG_WARN_NON_LITERAL_NULL_CONVERSION = YES;
				CLANG_WARN_OBJC_IMPLICIT_RETAIN_SELF = YES;
				CLANG_WARN_OBJC_LITERAL_CONVERSION = YES;
				CLANG_WARN_OBJC_ROOT_CLASS = YES_ERROR;
				CLANG_WARN_RANGE_LOOP_ANALYSIS = YES;
				CLANG_WARN_STRICT_PROTOTYPES = YES;
				CLANG_WARN_SUSPICIOUS_MOVE = YES;
				CLANG_WARN_UNGUARDED_AVAILABILITY = YES_AGGRESSIVE;
				CLANG_WARN_UNREACHABLE_CODE = YES;
				CLANG_WARN__DUPLICATE_METHOD_MATCH = YES;
				COPY_PHASE_STRIP = NO;
				DEBUG_INFORMATION_FORMAT = dwarf;
				ENABLE_STRICT_OBJC_MSGSEND = YES;
				ENABLE_TESTABILITY = YES;
				GCC_C_LANGUAGE_STANDARD = gnu11;
				GCC_DYNAMIC_NO_PIC = NO;
				GCC_NO_COMMON_BLOCKS = YES;
				GCC_OPTIMIZATION_LEVEL = 0;
				GCC_PREPROCESSOR_DEFINITIONS = (
					"DEBUG=1",
					"$(inherited)",
				);
				GCC_WARN_64_TO_32_BIT_CONVERSION = YES;
				GCC_WARN_ABOUT_RETURN_TYPE = YES_ERROR;
				GCC_WARN_UNDECLARED_SELECTOR = YES;
				GCC_WARN_UNINITIALIZED_AUTOS = YES_AGGRESSIVE;
				GCC_WARN_UNUSED_FUNCTION = YES;
				GCC_WARN_UNUSED_VARIABLE = YES;
				IPHONEOS_DEPLOYMENT_TARGET = 10.0;
				MTL_ENABLE_DEBUG_INFO = INCLUDE_SOURCE;
				MTL_FAST_MATH = YES;
				ONLY_ACTIVE_ARCH = YES;
				SDKROOT = iphoneos;
				SWIFT_ACTIVE_COMPILATION_CONDITIONS = DEBUG;
				SWIFT_OPTIMIZATION_LEVEL = "-Onone";
			};
			name = Debug;
		};
		FA05C92523C4A31F004F74BF /* Release */ = {
			isa = XCBuildConfiguration;
			buildSettings = {
				ALWAYS_SEARCH_USER_PATHS = NO;
				CLANG_ANALYZER_NONNULL = YES;
				CLANG_ANALYZER_NUMBER_OBJECT_CONVERSION = YES_AGGRESSIVE;
				CLANG_CXX_LANGUAGE_STANDARD = "gnu++14";
				CLANG_CXX_LIBRARY = "libc++";
				CLANG_ENABLE_MODULES = YES;
				CLANG_ENABLE_OBJC_ARC = YES;
				CLANG_ENABLE_OBJC_WEAK = YES;
				CLANG_WARN_BLOCK_CAPTURE_AUTORELEASING = YES;
				CLANG_WARN_BOOL_CONVERSION = YES;
				CLANG_WARN_COMMA = YES;
				CLANG_WARN_CONSTANT_CONVERSION = YES;
				CLANG_WARN_DEPRECATED_OBJC_IMPLEMENTATIONS = YES;
				CLANG_WARN_DIRECT_OBJC_ISA_USAGE = YES_ERROR;
				CLANG_WARN_DOCUMENTATION_COMMENTS = YES;
				CLANG_WARN_EMPTY_BODY = YES;
				CLANG_WARN_ENUM_CONVERSION = YES;
				CLANG_WARN_INFINITE_RECURSION = YES;
				CLANG_WARN_INT_CONVERSION = YES;
				CLANG_WARN_NON_LITERAL_NULL_CONVERSION = YES;
				CLANG_WARN_OBJC_IMPLICIT_RETAIN_SELF = YES;
				CLANG_WARN_OBJC_LITERAL_CONVERSION = YES;
				CLANG_WARN_OBJC_ROOT_CLASS = YES_ERROR;
				CLANG_WARN_RANGE_LOOP_ANALYSIS = YES;
				CLANG_WARN_STRICT_PROTOTYPES = YES;
				CLANG_WARN_SUSPICIOUS_MOVE = YES;
				CLANG_WARN_UNGUARDED_AVAILABILITY = YES_AGGRESSIVE;
				CLANG_WARN_UNREACHABLE_CODE = YES;
				CLANG_WARN__DUPLICATE_METHOD_MATCH = YES;
				COPY_PHASE_STRIP = NO;
				DEBUG_INFORMATION_FORMAT = "dwarf-with-dsym";
				ENABLE_NS_ASSERTIONS = NO;
				ENABLE_STRICT_OBJC_MSGSEND = YES;
				GCC_C_LANGUAGE_STANDARD = gnu11;
				GCC_NO_COMMON_BLOCKS = YES;
				GCC_WARN_64_TO_32_BIT_CONVERSION = YES;
				GCC_WARN_ABOUT_RETURN_TYPE = YES_ERROR;
				GCC_WARN_UNDECLARED_SELECTOR = YES;
				GCC_WARN_UNINITIALIZED_AUTOS = YES_AGGRESSIVE;
				GCC_WARN_UNUSED_FUNCTION = YES;
				GCC_WARN_UNUSED_VARIABLE = YES;
				IPHONEOS_DEPLOYMENT_TARGET = 10.0;
				MTL_ENABLE_DEBUG_INFO = NO;
				MTL_FAST_MATH = YES;
				SDKROOT = iphoneos;
				SWIFT_COMPILATION_MODE = wholemodule;
				SWIFT_OPTIMIZATION_LEVEL = "-O";
				VALIDATE_PRODUCT = YES;
			};
			name = Release;
		};
		FA05C92723C4A31F004F74BF /* Debug */ = {
			isa = XCBuildConfiguration;
			baseConfigurationReference = AA09201EBAFC8BDC513B645A /* Pods-MovieApp.debug.xcconfig */;
			buildSettings = {
				ASSETCATALOG_COMPILER_APPICON_NAME = AppIcon;
				CODE_SIGN_STYLE = Automatic;
				INFOPLIST_FILE = MovieApp/Info.plist;
				IPHONEOS_DEPLOYMENT_TARGET = 13.0;
				LD_RUNPATH_SEARCH_PATHS = (
					"$(inherited)",
					"@executable_path/Frameworks",
				);
				PRODUCT_BUNDLE_IDENTIFIER = com.ryan.MovieApp;
				PRODUCT_NAME = "$(TARGET_NAME)";
				SWIFT_VERSION = 5.0;
				TARGETED_DEVICE_FAMILY = "1,2";
			};
			name = Debug;
		};
		FA05C92823C4A31F004F74BF /* Release */ = {
			isa = XCBuildConfiguration;
			baseConfigurationReference = 4390D1A2D3B9430147402461 /* Pods-MovieApp.release.xcconfig */;
			buildSettings = {
				ASSETCATALOG_COMPILER_APPICON_NAME = AppIcon;
				CODE_SIGN_STYLE = Automatic;
				INFOPLIST_FILE = MovieApp/Info.plist;
				IPHONEOS_DEPLOYMENT_TARGET = 13.0;
				LD_RUNPATH_SEARCH_PATHS = (
					"$(inherited)",
					"@executable_path/Frameworks",
				);
				PRODUCT_BUNDLE_IDENTIFIER = com.ryan.MovieApp;
				PRODUCT_NAME = "$(TARGET_NAME)";
				SWIFT_VERSION = 5.0;
				TARGETED_DEVICE_FAMILY = "1,2";
			};
			name = Release;
		};
		FA05C92A23C4A31F004F74BF /* Debug */ = {
			isa = XCBuildConfiguration;
			baseConfigurationReference = 2AC5DFEAAE4FB50D45AD7B10 /* Pods-MovieApp-MovieAppUITests.debug.xcconfig */;
			buildSettings = {
				ALWAYS_EMBED_SWIFT_STANDARD_LIBRARIES = YES;
				CODE_SIGN_STYLE = Automatic;
				INFOPLIST_FILE = MovieAppUITests/Info.plist;
				LD_RUNPATH_SEARCH_PATHS = (
					"$(inherited)",
					"@executable_path/Frameworks",
					"@loader_path/Frameworks",
				);
				PRODUCT_BUNDLE_IDENTIFIER = com.ryan.MovieAppUITests;
				PRODUCT_NAME = "$(TARGET_NAME)";
				SWIFT_VERSION = 5.0;
				TARGETED_DEVICE_FAMILY = "1,2";
				TEST_TARGET_NAME = MovieApp;
			};
			name = Debug;
		};
		FA05C92B23C4A31F004F74BF /* Release */ = {
			isa = XCBuildConfiguration;
			baseConfigurationReference = B947930857D59F3B7AA69DCA /* Pods-MovieApp-MovieAppUITests.release.xcconfig */;
			buildSettings = {
				ALWAYS_EMBED_SWIFT_STANDARD_LIBRARIES = YES;
				CODE_SIGN_STYLE = Automatic;
				INFOPLIST_FILE = MovieAppUITests/Info.plist;
				LD_RUNPATH_SEARCH_PATHS = (
					"$(inherited)",
					"@executable_path/Frameworks",
					"@loader_path/Frameworks",
				);
				PRODUCT_BUNDLE_IDENTIFIER = com.ryan.MovieAppUITests;
				PRODUCT_NAME = "$(TARGET_NAME)";
				SWIFT_VERSION = 5.0;
				TARGETED_DEVICE_FAMILY = "1,2";
				TEST_TARGET_NAME = MovieApp;
			};
			name = Release;
		};
/* End XCBuildConfiguration section */

/* Begin XCConfigurationList section */
		FA05C90223C4A316004F74BF /* Build configuration list for PBXProject "MovieApp" */ = {
			isa = XCConfigurationList;
			buildConfigurations = (
				FA05C92423C4A31F004F74BF /* Debug */,
				FA05C92523C4A31F004F74BF /* Release */,
			);
			defaultConfigurationIsVisible = 0;
			defaultConfigurationName = Release;
		};
		FA05C92623C4A31F004F74BF /* Build configuration list for PBXNativeTarget "MovieApp" */ = {
			isa = XCConfigurationList;
			buildConfigurations = (
				FA05C92723C4A31F004F74BF /* Debug */,
				FA05C92823C4A31F004F74BF /* Release */,
			);
			defaultConfigurationIsVisible = 0;
			defaultConfigurationName = Release;
		};
		FA05C92923C4A31F004F74BF /* Build configuration list for PBXNativeTarget "MovieAppUITests" */ = {
			isa = XCConfigurationList;
			buildConfigurations = (
				FA05C92A23C4A31F004F74BF /* Debug */,
				FA05C92B23C4A31F004F74BF /* Release */,
			);
			defaultConfigurationIsVisible = 0;
			defaultConfigurationName = Release;
		};
/* End XCConfigurationList section */
	};
	rootObject = FA05C8FF23C4A316004F74BF /* Project object */;
}
